
Microsoft Visual Studio Solution File, Format Version 12.00
# Visual Studio Version 16
VisualStudioVersion = 16.0.31729.503
MinimumVisualStudioVersion = 10.0.40219.1
Project("{9A19103F-16F7-4668-BE54-9A1E7A4F7556}") = "CureWellDataAccessLayer", "CureWellDataAccessLayer\CureWellDataAccessLayer.csproj", "{1DC45E9C-E318-4D10-A221-248C7E15E7F4}"
EndProject
Project("{9A19103F-16F7-4668-BE54-9A1E7A4F7556}") = "CureWellServices", "CureWellServices\CureWellServices.csproj", "{46200A57-7177-40B2-B122-539A99CA115D}"
EndProject
Project("{E24C65DC-7377-472B-9ABA-BC803B73C61A}") = "CureWellApp", "CureWellApp\", "{4F36ABB4-EA68-453D-9D1F-24CC4FB92F08}"
	ProjectSection(WebsiteProperties) = preProject
		TargetFrameworkMoniker = ".NETFramework,Version%3Dv4.0"
		Debug.AspNetCompiler.VirtualPath = "/localhost_54696"
		Debug.AspNetCompiler.PhysicalPath = "CureWellApp\"
		Debug.AspNetCompiler.TargetPath = "PrecompiledWeb\localhost_54696\"
		Debug.AspNetCompiler.Updateable = "true"
		Debug.AspNetCompiler.ForceOverwrite = "true"
		Debug.AspNetCompiler.FixedNames = "false"
		Debug.AspNetCompiler.Debug = "True"
		Release.AspNetCompiler.VirtualPath = "/localhost_54696"
		Release.AspNetCompiler.PhysicalPath = "CureWellApp\"
		Release.AspNetCompiler.TargetPath = "PrecompiledWeb\localhost_54696\"
		Release.AspNetCompiler.Updateable = "true"
		Release.AspNetCompiler.ForceOverwrite = "true"
		Release.AspNetCompiler.FixedNames = "false"
		Release.AspNetCompiler.Debug = "False"
		VWDPort = "54696"
		SlnRelativePath = "CureWellApp\"
	EndProjectSection
EndProject
Global
	GlobalSection(SolutionConfigurationPlatforms) = preSolution
		Debug|Any CPU = Debug|Any CPU
		Release|Any CPU = Release|Any CPU
	EndGlobalSection
	GlobalSection(ProjectConfigurationPlatforms) = postSolution
		{1DC45E9C-E318-4D10-A221-248C7E15E7F4}.Debug|Any CPU.ActiveCfg = Debug|Any CPU
		{1DC45E9C-E318-4D10-A221-248C7E15E7F4}.Debug|Any CPU.Build.0 = Debug|Any CPU
		{1DC45E9C-E318-4D10-A221-248C7E15E7F4}.Release|Any CPU.ActiveCfg = Release|Any CPU
		{1DC45E9C-E318-4D10-A221-248C7E15E7F4}.Release|Any CPU.Build.0 = Release|Any CPU
		{46200A57-7177-40B2-B122-539A99CA115D}.Debug|Any CPU.ActiveCfg = Debug|Any CPU
		{46200A57-7177-40B2-B122-539A99CA115D}.Debug|Any CPU.Build.0 = Debug|Any CPU
		{46200A57-7177-40B2-B122-539A99CA115D}.Release|Any CPU.ActiveCfg = Release|Any CPU
		{46200A57-7177-40B2-B122-539A99CA115D}.Release|Any CPU.Build.0 = Release|Any CPU
		{4F36ABB4-EA68-453D-9D1F-24CC4FB92F08}.Debug|Any CPU.ActiveCfg = Debug|Any CPU
		{4F36ABB4-EA68-453D-9D1F-24CC4FB92F08}.Debug|Any CPU.Build.0 = Debug|Any CPU
		{4F36ABB4-EA68-453D-9D1F-24CC4FB92F08}.Release|Any CPU.ActiveCfg = Debug|Any CPU
		{4F36ABB4-EA68-453D-9D1F-24CC4FB92F08}.Release|Any CPU.Build.0 = Debug|Any CPU
	EndGlobalSection
	GlobalSection(SolutionProperties) = preSolution
		HideSolutionNode = FALSE
	EndGlobalSection
	GlobalSection(ExtensibilityGlobals) = postSolution
		SolutionGuid = {ABE53042-303F-42B6-BF71-66C7B4B98DF6}
	EndGlobalSection
EndGlobal
